// !$*UTF8*$!
{
	archiveVersion = 1;
	classes = {
	};
	objectVersion = 51;
	objects = {

/* Begin PBXBuildFile section */
		492B16BB26D8ADA800E3523E /* RandomColorViewController.swift in Sources */ = {isa = PBXBuildFile; fileRef = 492B16BA26D8ADA800E3523E /* RandomColorViewController.swift */; };
		492B16BE26D8B2F700E3523E /* Randomizer.swift in Sources */ = {isa = PBXBuildFile; fileRef = 492B16BD26D8B2F700E3523E /* Randomizer.swift */; };
		494B7A5A26FB468F0089F045 /* RandomNumberCoordinator.swift in Sources */ = {isa = PBXBuildFile; fileRef = 494B7A5926FB468F0089F045 /* RandomNumberCoordinator.swift */; };
		494B7A5C26FB474C0089F045 /* RandomNumberViewModel.swift in Sources */ = {isa = PBXBuildFile; fileRef = 494B7A5B26FB474C0089F045 /* RandomNumberViewModel.swift */; };
		494B7A5F26FC99400089F045 /* RandomNumberViewController.swift in Sources */ = {isa = PBXBuildFile; fileRef = 494B7A5E26FC99400089F045 /* RandomNumberViewController.swift */; };
		49850CC526E658F200AE8C2F /* RandomCategoryTableViewCell.swift in Sources */ = {isa = PBXBuildFile; fileRef = 49850CC426E658F200AE8C2F /* RandomCategoryTableViewCell.swift */; };
		4996AF2A26D787B9002674DB /* AppDelegate.swift in Sources */ = {isa = PBXBuildFile; fileRef = 4996AF2926D787B9002674DB /* AppDelegate.swift */; };
		4996AF3126D787B9002674DB /* Main.storyboard in Resources */ = {isa = PBXBuildFile; fileRef = 4996AF2F26D787B9002674DB /* Main.storyboard */; };
		4996AF3326D787BC002674DB /* Assets.xcassets in Resources */ = {isa = PBXBuildFile; fileRef = 4996AF3226D787BC002674DB /* Assets.xcassets */; };
		4996AF3626D787BC002674DB /* LaunchScreen.storyboard in Resources */ = {isa = PBXBuildFile; fileRef = 4996AF3426D787BC002674DB /* LaunchScreen.storyboard */; };
		49A9EBD226E3A9BB0023EF21 /* RandomRootViewController.swift in Sources */ = {isa = PBXBuildFile; fileRef = 49A9EBD026E3A9BB0023EF21 /* RandomRootViewController.swift */; };
		49A9EBDA26E3ADCA0023EF21 /* RandomRootCoordinator.swift in Sources */ = {isa = PBXBuildFile; fileRef = 49A9EBD926E3ADCA0023EF21 /* RandomRootCoordinator.swift */; };
		49A9EBDC26E3AEF10023EF21 /* RandomRootView.swift in Sources */ = {isa = PBXBuildFile; fileRef = 49A9EBDB26E3AEF10023EF21 /* RandomRootView.swift */; };
		49A9EBDE26E524900023EF21 /* RandomRootViewModel.swift in Sources */ = {isa = PBXBuildFile; fileRef = 49A9EBDD26E524900023EF21 /* RandomRootViewModel.swift */; };
		841726E0C83FBC92BC892D81 /* Pods_Random.framework in Frameworks */ = {isa = PBXBuildFile; fileRef = C839DC289AA14EBA810231A0 /* Pods_Random.framework */; };
/* End PBXBuildFile section */

/* Begin PBXFileReference section */
		492B16BA26D8ADA800E3523E /* RandomColorViewController.swift */ = {isa = PBXFileReference; lastKnownFileType = sourcecode.swift; path = RandomColorViewController.swift; sourceTree = "<group>"; };
		492B16BD26D8B2F700E3523E /* Randomizer.swift */ = {isa = PBXFileReference; lastKnownFileType = sourcecode.swift; path = Randomizer.swift; sourceTree = "<group>"; };
		494B7A5926FB468F0089F045 /* RandomNumberCoordinator.swift */ = {isa = PBXFileReference; lastKnownFileType = sourcecode.swift; path = RandomNumberCoordinator.swift; sourceTree = "<group>"; };
		494B7A5B26FB474C0089F045 /* RandomNumberViewModel.swift */ = {isa = PBXFileReference; lastKnownFileType = sourcecode.swift; path = RandomNumberViewModel.swift; sourceTree = "<group>"; };
		494B7A5E26FC99400089F045 /* RandomNumberViewController.swift */ = {isa = PBXFileReference; lastKnownFileType = sourcecode.swift; path = RandomNumberViewController.swift; sourceTree = "<group>"; };
		49850CC426E658F200AE8C2F /* RandomCategoryTableViewCell.swift */ = {isa = PBXFileReference; lastKnownFileType = sourcecode.swift; path = RandomCategoryTableViewCell.swift; sourceTree = "<group>"; };
		4996AF2626D787B9002674DB /* Random.app */ = {isa = PBXFileReference; explicitFileType = wrapper.application; includeInIndex = 0; path = Random.app; sourceTree = BUILT_PRODUCTS_DIR; };
		4996AF2926D787B9002674DB /* AppDelegate.swift */ = {isa = PBXFileReference; lastKnownFileType = sourcecode.swift; path = AppDelegate.swift; sourceTree = "<group>"; };
		4996AF3026D787B9002674DB /* Base */ = {isa = PBXFileReference; lastKnownFileType = file.storyboard; name = Base; path = Base.lproj/Main.storyboard; sourceTree = "<group>"; };
		4996AF3226D787BC002674DB /* Assets.xcassets */ = {isa = PBXFileReference; lastKnownFileType = folder.assetcatalog; path = Assets.xcassets; sourceTree = "<group>"; };
		4996AF3526D787BC002674DB /* Base */ = {isa = PBXFileReference; lastKnownFileType = file.storyboard; name = Base; path = Base.lproj/LaunchScreen.storyboard; sourceTree = "<group>"; };
		4996AF3726D787BC002674DB /* Info.plist */ = {isa = PBXFileReference; lastKnownFileType = text.plist.xml; path = Info.plist; sourceTree = "<group>"; };
		49A9EBD026E3A9BB0023EF21 /* RandomRootViewController.swift */ = {isa = PBXFileReference; lastKnownFileType = sourcecode.swift; path = RandomRootViewController.swift; sourceTree = "<group>"; };
		49A9EBD926E3ADCA0023EF21 /* RandomRootCoordinator.swift */ = {isa = PBXFileReference; lastKnownFileType = sourcecode.swift; path = RandomRootCoordinator.swift; sourceTree = "<group>"; };
		49A9EBDB26E3AEF10023EF21 /* RandomRootView.swift */ = {isa = PBXFileReference; lastKnownFileType = sourcecode.swift; path = RandomRootView.swift; sourceTree = "<group>"; };
		49A9EBDD26E524900023EF21 /* RandomRootViewModel.swift */ = {isa = PBXFileReference; lastKnownFileType = sourcecode.swift; path = RandomRootViewModel.swift; sourceTree = "<group>"; };
		49B8DA0526EB51D900DC3380 /* Random.entitlements */ = {isa = PBXFileReference; lastKnownFileType = text.plist.entitlements; path = Random.entitlements; sourceTree = "<group>"; };
		9193266DA630D5ECB02757E0 /* Pods-Random.release.xcconfig */ = {isa = PBXFileReference; includeInIndex = 1; lastKnownFileType = text.xcconfig; name = "Pods-Random.release.xcconfig"; path = "Target Support Files/Pods-Random/Pods-Random.release.xcconfig"; sourceTree = "<group>"; };
		C3F368B1CD5D9CA6659861F3 /* Pods-Random.debug.xcconfig */ = {isa = PBXFileReference; includeInIndex = 1; lastKnownFileType = text.xcconfig; name = "Pods-Random.debug.xcconfig"; path = "Target Support Files/Pods-Random/Pods-Random.debug.xcconfig"; sourceTree = "<group>"; };
		C839DC289AA14EBA810231A0 /* Pods_Random.framework */ = {isa = PBXFileReference; explicitFileType = wrapper.framework; includeInIndex = 0; path = Pods_Random.framework; sourceTree = BUILT_PRODUCTS_DIR; };
/* End PBXFileReference section */

/* Begin PBXFrameworksBuildPhase section */
		4996AF2326D787B9002674DB /* Frameworks */ = {
			isa = PBXFrameworksBuildPhase;
			buildActionMask = 2147483647;
			files = (
				841726E0C83FBC92BC892D81 /* Pods_Random.framework in Frameworks */,
			);
			runOnlyForDeploymentPostprocessing = 0;
		};
/* End PBXFrameworksBuildPhase section */

/* Begin PBXGroup section */
		492B16B926D8A79600E3523E /* Features */ = {
			isa = PBXGroup;
			children = (
				494B7A5826FB46730089F045 /* RandomNumber */,
				49A9EBCC26E3A9850023EF21 /* RandomRoot */,
				492B16BA26D8ADA800E3523E /* RandomColorViewController.swift */,
			);
			path = Features;
			sourceTree = "<group>";
		};
		492B16BC26D8AE1300E3523E /* Randomizer */ = {
			isa = PBXGroup;
			children = (
				492B16BD26D8B2F700E3523E /* Randomizer.swift */,
			);
			path = Randomizer;
			sourceTree = "<group>";
		};
		494B7A5826FB46730089F045 /* RandomNumber */ = {
			isa = PBXGroup;
			children = (
				494B7A5D26FC992D0089F045 /* Controller */,
				494B7A5926FB468F0089F045 /* RandomNumberCoordinator.swift */,
				494B7A5B26FB474C0089F045 /* RandomNumberViewModel.swift */,
			);
			path = RandomNumber;
			sourceTree = "<group>";
		};
		494B7A5D26FC992D0089F045 /* Controller */ = {
			isa = PBXGroup;
			children = (
				494B7A5E26FC99400089F045 /* RandomNumberViewController.swift */,
			);
			path = Controller;
			sourceTree = "<group>";
		};
		49850CC626E65C2400AE8C2F /* Cell */ = {
			isa = PBXGroup;
			children = (
				49850CC426E658F200AE8C2F /* RandomCategoryTableViewCell.swift */,
			);
			path = Cell;
			sourceTree = "<group>";
		};
		4996AF1D26D787B9002674DB = {
			isa = PBXGroup;
			children = (
				4996AF2826D787B9002674DB /* Random */,
				4996AF2726D787B9002674DB /* Products */,
				674747519CFC455EAE020B7D /* Pods */,
				E1279EAC7793F14E729AD635 /* Frameworks */,
			);
			sourceTree = "<group>";
		};
		4996AF2726D787B9002674DB /* Products */ = {
			isa = PBXGroup;
			children = (
				4996AF2626D787B9002674DB /* Random.app */,
			);
			name = Products;
			sourceTree = "<group>";
		};
		4996AF2826D787B9002674DB /* Random */ = {
			isa = PBXGroup;
			children = (
				49B8DA0526EB51D900DC3380 /* Random.entitlements */,
				4996AF2926D787B9002674DB /* AppDelegate.swift */,
				49A9EBCB26E3A9240023EF21 /* Resources */,
				492B16BC26D8AE1300E3523E /* Randomizer */,
				492B16B926D8A79600E3523E /* Features */,
			);
			path = Random;
			sourceTree = "<group>";
		};
		49A9EBCB26E3A9240023EF21 /* Resources */ = {
			isa = PBXGroup;
			children = (
				4996AF2F26D787B9002674DB /* Main.storyboard */,
				4996AF3226D787BC002674DB /* Assets.xcassets */,
				4996AF3426D787BC002674DB /* LaunchScreen.storyboard */,
				4996AF3726D787BC002674DB /* Info.plist */,
			);
			path = Resources;
			sourceTree = "<group>";
		};
		49A9EBCC26E3A9850023EF21 /* RandomRoot */ = {
			isa = PBXGroup;
			children = (
				49850CC626E65C2400AE8C2F /* Cell */,
				49A9EBCD26E3A98C0023EF21 /* Controller */,
				49A9EBD926E3ADCA0023EF21 /* RandomRootCoordinator.swift */,
				49A9EBDD26E524900023EF21 /* RandomRootViewModel.swift */,
			);
			path = RandomRoot;
			sourceTree = "<group>";
		};
		49A9EBCD26E3A98C0023EF21 /* Controller */ = {
			isa = PBXGroup;
			children = (
				49A9EBD026E3A9BB0023EF21 /* RandomRootViewController.swift */,
				49A9EBDB26E3AEF10023EF21 /* RandomRootView.swift */,
			);
			path = Controller;
			sourceTree = "<group>";
		};
		674747519CFC455EAE020B7D /* Pods */ = {
			isa = PBXGroup;
			children = (
				C3F368B1CD5D9CA6659861F3 /* Pods-Random.debug.xcconfig */,
				9193266DA630D5ECB02757E0 /* Pods-Random.release.xcconfig */,
			);
			path = Pods;
			sourceTree = "<group>";
		};
		E1279EAC7793F14E729AD635 /* Frameworks */ = {
			isa = PBXGroup;
			children = (
				C839DC289AA14EBA810231A0 /* Pods_Random.framework */,
			);
			name = Frameworks;
			sourceTree = "<group>";
		};
/* End PBXGroup section */

/* Begin PBXNativeTarget section */
		4996AF2526D787B9002674DB /* Random */ = {
			isa = PBXNativeTarget;
			buildConfigurationList = 4996AF3A26D787BC002674DB /* Build configuration list for PBXNativeTarget "Random" */;
			buildPhases = (
				E84331245DE8A12F854D05CB /* [CP] Check Pods Manifest.lock */,
				4996AF2226D787B9002674DB /* Sources */,
				4996AF2326D787B9002674DB /* Frameworks */,
				4996AF2426D787B9002674DB /* Resources */,
				58537B670E84B354170483A0 /* [CP] Embed Pods Frameworks */,
			);
			buildRules = (
			);
			dependencies = (
			);
			name = Random;
			productName = Random;
			productReference = 4996AF2626D787B9002674DB /* Random.app */;
			productType = "com.apple.product-type.application";
		};
/* End PBXNativeTarget section */

/* Begin PBXProject section */
		4996AF1E26D787B9002674DB /* Project object */ = {
			isa = PBXProject;
			attributes = {
				LastSwiftUpdateCheck = 1250;
				LastUpgradeCheck = 1250;
				TargetAttributes = {
					4996AF2526D787B9002674DB = {
						CreatedOnToolsVersion = 12.5.1;
					};
				};
			};
			buildConfigurationList = 4996AF2126D787B9002674DB /* Build configuration list for PBXProject "Random" */;
			compatibilityVersion = "Xcode 9.3";
			developmentRegion = en;
			hasScannedForEncodings = 0;
			knownRegions = (
				en,
				Base,
			);
			mainGroup = 4996AF1D26D787B9002674DB;
			productRefGroup = 4996AF2726D787B9002674DB /* Products */;
			projectDirPath = "";
			projectRoot = "";
			targets = (
				4996AF2526D787B9002674DB /* Random */,
			);
		};
/* End PBXProject section */

/* Begin PBXResourcesBuildPhase section */
		4996AF2426D787B9002674DB /* Resources */ = {
			isa = PBXResourcesBuildPhase;
			buildActionMask = 2147483647;
			files = (
				4996AF3626D787BC002674DB /* LaunchScreen.storyboard in Resources */,
				4996AF3326D787BC002674DB /* Assets.xcassets in Resources */,
				4996AF3126D787B9002674DB /* Main.storyboard in Resources */,
			);
			runOnlyForDeploymentPostprocessing = 0;
		};
/* End PBXResourcesBuildPhase section */

/* Begin PBXShellScriptBuildPhase section */
		58537B670E84B354170483A0 /* [CP] Embed Pods Frameworks */ = {
			isa = PBXShellScriptBuildPhase;
			buildActionMask = 2147483647;
			files = (
			);
			inputFileListPaths = (
				"${PODS_ROOT}/Target Support Files/Pods-Random/Pods-Random-frameworks-${CONFIGURATION}-input-files.xcfilelist",
			);
			name = "[CP] Embed Pods Frameworks";
			outputFileListPaths = (
				"${PODS_ROOT}/Target Support Files/Pods-Random/Pods-Random-frameworks-${CONFIGURATION}-output-files.xcfilelist",
			);
			runOnlyForDeploymentPostprocessing = 0;
			shellPath = /bin/sh;
			shellScript = "\"${PODS_ROOT}/Target Support Files/Pods-Random/Pods-Random-frameworks.sh\"\n";
			showEnvVarsInLog = 0;
		};
		E84331245DE8A12F854D05CB /* [CP] Check Pods Manifest.lock */ = {
			isa = PBXShellScriptBuildPhase;
			buildActionMask = 2147483647;
			files = (
			);
			inputFileListPaths = (
			);
			inputPaths = (
				"${PODS_PODFILE_DIR_PATH}/Podfile.lock",
				"${PODS_ROOT}/Manifest.lock",
			);
			name = "[CP] Check Pods Manifest.lock";
			outputFileListPaths = (
			);
			outputPaths = (
				"$(DERIVED_FILE_DIR)/Pods-Random-checkManifestLockResult.txt",
			);
			runOnlyForDeploymentPostprocessing = 0;
			shellPath = /bin/sh;
			shellScript = "diff \"${PODS_PODFILE_DIR_PATH}/Podfile.lock\" \"${PODS_ROOT}/Manifest.lock\" > /dev/null\nif [ $? != 0 ] ; then\n    # print error to STDERR\n    echo \"error: The sandbox is not in sync with the Podfile.lock. Run 'pod install' or update your CocoaPods installation.\" >&2\n    exit 1\nfi\n# This output is used by Xcode 'outputs' to avoid re-running this script phase.\necho \"SUCCESS\" > \"${SCRIPT_OUTPUT_FILE_0}\"\n";
			showEnvVarsInLog = 0;
		};
/* End PBXShellScriptBuildPhase section */

/* Begin PBXSourcesBuildPhase section */
		4996AF2226D787B9002674DB /* Sources */ = {
			isa = PBXSourcesBuildPhase;
			buildActionMask = 2147483647;
			files = (
				494B7A5F26FC99400089F045 /* RandomNumberViewController.swift in Sources */,
				49A9EBDE26E524900023EF21 /* RandomRootViewModel.swift in Sources */,
				492B16BE26D8B2F700E3523E /* Randomizer.swift in Sources */,
				494B7A5C26FB474C0089F045 /* RandomNumberViewModel.swift in Sources */,
				49850CC526E658F200AE8C2F /* RandomCategoryTableViewCell.swift in Sources */,
				494B7A5A26FB468F0089F045 /* RandomNumberCoordinator.swift in Sources */,
				49A9EBDC26E3AEF10023EF21 /* RandomRootView.swift in Sources */,
				49A9EBD226E3A9BB0023EF21 /* RandomRootViewController.swift in Sources */,
				492B16BB26D8ADA800E3523E /* RandomColorViewController.swift in Sources */,
				49A9EBDA26E3ADCA0023EF21 /* RandomRootCoordinator.swift in Sources */,
				4996AF2A26D787B9002674DB /* AppDelegate.swift in Sources */,
			);
			runOnlyForDeploymentPostprocessing = 0;
		};
/* End PBXSourcesBuildPhase section */

/* Begin PBXVariantGroup section */
		4996AF2F26D787B9002674DB /* Main.storyboard */ = {
			isa = PBXVariantGroup;
			children = (
				4996AF3026D787B9002674DB /* Base */,
			);
			name = Main.storyboard;
			sourceTree = "<group>";
		};
		4996AF3426D787BC002674DB /* LaunchScreen.storyboard */ = {
			isa = PBXVariantGroup;
			children = (
				4996AF3526D787BC002674DB /* Base */,
			);
			name = LaunchScreen.storyboard;
			sourceTree = "<group>";
		};
/* End PBXVariantGroup section */

/* Begin XCBuildConfiguration section */
		4996AF3826D787BC002674DB /* Debug */ = {
			isa = XCBuildConfiguration;
			buildSettings = {
				ALWAYS_SEARCH_USER_PATHS = NO;
				CLANG_ANALYZER_NONNULL = YES;
				CLANG_ANALYZER_NUMBER_OBJECT_CONVERSION = YES_AGGRESSIVE;
				CLANG_CXX_LANGUAGE_STANDARD = "gnu++14";
				CLANG_CXX_LIBRARY = "libc++";
				CLANG_ENABLE_MODULES = YES;
				CLANG_ENABLE_OBJC_ARC = YES;
				CLANG_ENABLE_OBJC_WEAK = YES;
				CLANG_WARN_BLOCK_CAPTURE_AUTORELEASING = YES;
				CLANG_WARN_BOOL_CONVERSION = YES;
				CLANG_WARN_COMMA = YES;
				CLANG_WARN_CONSTANT_CONVERSION = YES;
				CLANG_WARN_DEPRECATED_OBJC_IMPLEMENTATIONS = YES;
				CLANG_WARN_DIRECT_OBJC_ISA_USAGE = YES_ERROR;
				CLANG_WARN_DOCUMENTATION_COMMENTS = YES;
				CLANG_WARN_EMPTY_BODY = YES;
				CLANG_WARN_ENUM_CONVERSION = YES;
				CLANG_WARN_INFINITE_RECURSION = YES;
				CLANG_WARN_INT_CONVERSION = YES;
				CLANG_WARN_NON_LITERAL_NULL_CONVERSION = YES;
				CLANG_WARN_OBJC_IMPLICIT_RETAIN_SELF = YES;
				CLANG_WARN_OBJC_LITERAL_CONVERSION = YES;
				CLANG_WARN_OBJC_ROOT_CLASS = YES_ERROR;
				CLANG_WARN_QUOTED_INCLUDE_IN_FRAMEWORK_HEADER = YES;
				CLANG_WARN_RANGE_LOOP_ANALYSIS = YES;
				CLANG_WARN_STRICT_PROTOTYPES = YES;
				CLANG_WARN_SUSPICIOUS_MOVE = YES;
				CLANG_WARN_UNGUARDED_AVAILABILITY = YES_AGGRESSIVE;
				CLANG_WARN_UNREACHABLE_CODE = YES;
				CLANG_WARN__DUPLICATE_METHOD_MATCH = YES;
				COPY_PHASE_STRIP = NO;
				DEBUG_INFORMATION_FORMAT = dwarf;
				ENABLE_STRICT_OBJC_MSGSEND = YES;
				ENABLE_TESTABILITY = YES;
				GCC_C_LANGUAGE_STANDARD = gnu11;
				GCC_DYNAMIC_NO_PIC = NO;
				GCC_NO_COMMON_BLOCKS = YES;
				GCC_OPTIMIZATION_LEVEL = 0;
				GCC_PREPROCESSOR_DEFINITIONS = (
					"DEBUG=1",
					"$(inherited)",
				);
				GCC_WARN_64_TO_32_BIT_CONVERSION = YES;
				GCC_WARN_ABOUT_RETURN_TYPE = YES_ERROR;
				GCC_WARN_UNDECLARED_SELECTOR = YES;
				GCC_WARN_UNINITIALIZED_AUTOS = YES_AGGRESSIVE;
				GCC_WARN_UNUSED_FUNCTION = YES;
				GCC_WARN_UNUSED_VARIABLE = YES;
				IPHONEOS_DEPLOYMENT_TARGET = 14.5;
				MTL_ENABLE_DEBUG_INFO = INCLUDE_SOURCE;
				MTL_FAST_MATH = YES;
				ONLY_ACTIVE_ARCH = YES;
				SDKROOT = iphoneos;
				SWIFT_ACTIVE_COMPILATION_CONDITIONS = DEBUG;
				SWIFT_OPTIMIZATION_LEVEL = "-Onone";
			};
			name = Debug;
		};
		4996AF3926D787BC002674DB /* Release */ = {
			isa = XCBuildConfiguration;
			buildSettings = {
				ALWAYS_SEARCH_USER_PATHS = NO;
				CLANG_ANALYZER_NONNULL = YES;
				CLANG_ANALYZER_NUMBER_OBJECT_CONVERSION = YES_AGGRESSIVE;
				CLANG_CXX_LANGUAGE_STANDARD = "gnu++14";
				CLANG_CXX_LIBRARY = "libc++";
				CLANG_ENABLE_MODULES = YES;
				CLANG_ENABLE_OBJC_ARC = YES;
				CLANG_ENABLE_OBJC_WEAK = YES;
				CLANG_WARN_BLOCK_CAPTURE_AUTORELEASING = YES;
				CLANG_WARN_BOOL_CONVERSION = YES;
				CLANG_WARN_COMMA = YES;
				CLANG_WARN_CONSTANT_CONVERSION = YES;
				CLANG_WARN_DEPRECATED_OBJC_IMPLEMENTATIONS = YES;
				CLANG_WARN_DIRECT_OBJC_ISA_USAGE = YES_ERROR;
				CLANG_WARN_DOCUMENTATION_COMMENTS = YES;
				CLANG_WARN_EMPTY_BODY = YES;
				CLANG_WARN_ENUM_CONVERSION = YES;
				CLANG_WARN_INFINITE_RECURSION = YES;
				CLANG_WARN_INT_CONVERSION = YES;
				CLANG_WARN_NON_LITERAL_NULL_CONVERSION = YES;
				CLANG_WARN_OBJC_IMPLICIT_RETAIN_SELF = YES;
				CLANG_WARN_OBJC_LITERAL_CONVERSION = YES;
				CLANG_WARN_OBJC_ROOT_CLASS = YES_ERROR;
				CLANG_WARN_QUOTED_INCLUDE_IN_FRAMEWORK_HEADER = YES;
				CLANG_WARN_RANGE_LOOP_ANALYSIS = YES;
				CLANG_WARN_STRICT_PROTOTYPES = YES;
				CLANG_WARN_SUSPICIOUS_MOVE = YES;
				CLANG_WARN_UNGUARDED_AVAILABILITY = YES_AGGRESSIVE;
				CLANG_WARN_UNREACHABLE_CODE = YES;
				CLANG_WARN__DUPLICATE_METHOD_MATCH = YES;
				COPY_PHASE_STRIP = NO;
				DEBUG_INFORMATION_FORMAT = "dwarf-with-dsym";
				ENABLE_NS_ASSERTIONS = NO;
				ENABLE_STRICT_OBJC_MSGSEND = YES;
				GCC_C_LANGUAGE_STANDARD = gnu11;
				GCC_NO_COMMON_BLOCKS = YES;
				GCC_WARN_64_TO_32_BIT_CONVERSION = YES;
				GCC_WARN_ABOUT_RETURN_TYPE = YES_ERROR;
				GCC_WARN_UNDECLARED_SELECTOR = YES;
				GCC_WARN_UNINITIALIZED_AUTOS = YES_AGGRESSIVE;
				GCC_WARN_UNUSED_FUNCTION = YES;
				GCC_WARN_UNUSED_VARIABLE = YES;
				IPHONEOS_DEPLOYMENT_TARGET = 14.5;
				MTL_ENABLE_DEBUG_INFO = NO;
				MTL_FAST_MATH = YES;
				SDKROOT = iphoneos;
				SWIFT_COMPILATION_MODE = wholemodule;
				SWIFT_OPTIMIZATION_LEVEL = "-O";
				VALIDATE_PRODUCT = YES;
			};
			name = Release;
		};
		4996AF3B26D787BC002674DB /* Debug */ = {
			isa = XCBuildConfiguration;
			baseConfigurationReference = C3F368B1CD5D9CA6659861F3 /* Pods-Random.debug.xcconfig */;
			buildSettings = {
				ASSETCATALOG_COMPILER_APPICON_NAME = AppIcon;
				ASSETCATALOG_COMPILER_GLOBAL_ACCENT_COLOR_NAME = AccentColor;
				CODE_SIGN_ENTITLEMENTS = Random/Random.entitlements;
				CODE_SIGN_STYLE = Automatic;
				DEVELOPMENT_TEAM = ZHL6FF2YWL;
				INFOPLIST_FILE = Random/Resources/Info.plist;
				LD_RUNPATH_SEARCH_PATHS = (
					"$(inherited)",
					"@executable_path/Frameworks",
				);
				PRODUCT_BUNDLE_IDENTIFIER = dorofeev.Random;
				PRODUCT_NAME = "$(TARGET_NAME)";
				SUPPORTS_MACCATALYST = YES;
				SWIFT_VERSION = 5.0;
				TARGETED_DEVICE_FAMILY = "1,2";
			};
			name = Debug;
		};
		4996AF3C26D787BC002674DB /* Release */ = {
			isa = XCBuildConfiguration;
			baseConfigurationReference = 9193266DA630D5ECB02757E0 /* Pods-Random.release.xcconfig */;
			buildSettings = {
				ASSETCATALOG_COMPILER_APPICON_NAME = AppIcon;
				ASSETCATALOG_COMPILER_GLOBAL_ACCENT_COLOR_NAME = AccentColor;
				CODE_SIGN_ENTITLEMENTS = Random/Random.entitlements;
				CODE_SIGN_STYLE = Automatic;
				DEVELOPMENT_TEAM = ZHL6FF2YWL;
				INFOPLIST_FILE = Random/Resources/Info.plist;
				LD_RUNPATH_SEARCH_PATHS = (
					"$(inherited)",
					"@executable_path/Frameworks",
				);
				PRODUCT_BUNDLE_IDENTIFIER = dorofeev.Random;
				PRODUCT_NAME = "$(TARGET_NAME)";
				SUPPORTS_MACCATALYST = YES;
				SWIFT_VERSION = 5.0;
				TARGETED_DEVICE_FAMILY = "1,2";
			};
			name = Release;
		};
/* End XCBuildConfiguration section */

/* Begin XCConfigurationList section */
		4996AF2126D787B9002674DB /* Build configuration list for PBXProject "Random" */ = {
			isa = XCConfigurationList;
			buildConfigurations = (
				4996AF3826D787BC002674DB /* Debug */,
				4996AF3926D787BC002674DB /* Release */,
			);
			defaultConfigurationIsVisible = 0;
			defaultConfigurationName = Release;
		};
		4996AF3A26D787BC002674DB /* Build configuration list for PBXNativeTarget "Random" */ = {
			isa = XCConfigurationList;
			buildConfigurations = (
				4996AF3B26D787BC002674DB /* Debug */,
				4996AF3C26D787BC002674DB /* Release */,
			);
			defaultConfigurationIsVisible = 0;
			defaultConfigurationName = Release;
		};
/* End XCConfigurationList section */
	};
	rootObject = 4996AF1E26D787B9002674DB /* Project object */;
}
